
Microsoft Visual Studio Solution File, Format Version 12.00
# Visual Studio Version 17
VisualStudioVersion = 17.2.32519.379
MinimumVisualStudioVersion = 10.0.40219.1
Project("{00D1A9C2-B5F0-4AF3-8072-F6C62B433612}") = "Northwind.SQLDataTools", "Northwind.SQLDataTools\Northwind.SQLDataTools.sqlproj", "{9F15922F-90C5-4D3D-81F5-D2A2FA364B01}"
EndProject
Project("{00D1A9C2-B5F0-4AF3-8072-F6C62B433612}") = "ExistingNorthwind.SQLDataTools", "ExistingNorthwind.SQLDataTools\ExistingNorthwind.SQLDataTools.sqlproj", "{AD453412-926C-4EAE-9B54-7E40A0EFDA42}"
EndProject
Global
	GlobalSection(SolutionConfigurationPlatforms) = preSolution
		Debug|Any CPU = Debug|Any CPU
		Release|Any CPU = Release|Any CPU
	EndGlobalSection
	GlobalSection(ProjectConfigurationPlatforms) = postSolution
		{9F15922F-90C5-4D3D-81F5-D2A2FA364B01}.Debug|Any CPU.ActiveCfg = Debug|Any CPU
		{9F15922F-90C5-4D3D-81F5-D2A2FA364B01}.Debug|Any CPU.Build.0 = Debug|Any CPU
		{9F15922F-90C5-4D3D-81F5-D2A2FA364B01}.Debug|Any CPU.Deploy.0 = Debug|Any CPU
		{9F15922F-90C5-4D3D-81F5-D2A2FA364B01}.Release|Any CPU.ActiveCfg = Release|Any CPU
		{9F15922F-90C5-4D3D-81F5-D2A2FA364B01}.Release|Any CPU.Build.0 = Release|Any CPU
		{9F15922F-90C5-4D3D-81F5-D2A2FA364B01}.Release|Any CPU.Deploy.0 = Release|Any CPU
		{AD453412-926C-4EAE-9B54-7E40A0EFDA42}.Debug|Any CPU.ActiveCfg = Debug|Any CPU
		{AD453412-926C-4EAE-9B54-7E40A0EFDA42}.Debug|Any CPU.Build.0 = Debug|Any CPU
		{AD453412-926C-4EAE-9B54-7E40A0EFDA42}.Debug|Any CPU.Deploy.0 = Debug|Any CPU
		{AD453412-926C-4EAE-9B54-7E40A0EFDA42}.Release|Any CPU.ActiveCfg = Release|Any CPU
		{AD453412-926C-4EAE-9B54-7E40A0EFDA42}.Release|Any CPU.Build.0 = Release|Any CPU
		{AD453412-926C-4EAE-9B54-7E40A0EFDA42}.Release|Any CPU.Deploy.0 = Release|Any CPU
	EndGlobalSection
	GlobalSection(SolutionProperties) = preSolution
		HideSolutionNode = FALSE
	EndGlobalSection
	GlobalSection(ExtensibilityGlobals) = postSolution
		SolutionGuid = {AAC498E3-730E-497B-826C-F28FEFEFBC95}
	EndGlobalSection
EndGlobal
